
Microsoft Visual Studio Solution File, Format Version 12.00
# Visual Studio Version 16
VisualStudioVersion = 16.0.28407.52
MinimumVisualStudioVersion = 10.0.40219.1
Project("{FAE04EC0-301F-11D3-BF4B-00C04F79EFBC}") = "iot-rynningeasen-www", "iot-rynningeasen-www\iot-rynningeasen-www.csproj", "{CBE4C3B5-930B-4F99-B8F8-FC8D902451B4}"
EndProject
Global
	GlobalSection(SolutionConfigurationPlatforms) = preSolution
		Debug|Any CPU = Debug|Any CPU
		Release|Any CPU = Release|Any CPU
	EndGlobalSection
	GlobalSection(ProjectConfigurationPlatforms) = postSolution
		{CBE4C3B5-930B-4F99-B8F8-FC8D902451B4}.Debug|Any CPU.ActiveCfg = Debug|Any CPU
		{CBE4C3B5-930B-4F99-B8F8-FC8D902451B4}.Debug|Any CPU.Build.0 = Debug|Any CPU
		{CBE4C3B5-930B-4F99-B8F8-FC8D902451B4}.Release|Any CPU.ActiveCfg = Release|Any CPU
		{CBE4C3B5-930B-4F99-B8F8-FC8D902451B4}.Release|Any CPU.Build.0 = Release|Any CPU
	EndGlobalSection
	GlobalSection(SolutionProperties) = preSolution
		HideSolutionNode = FALSE
	EndGlobalSection
	GlobalSection(ExtensibilityGlobals) = postSolution
		SolutionGuid = {D324889B-A04E-41BF-B918-0C609F74C849}
	EndGlobalSection
EndGlobal
